
Microsoft Visual Studio Solution File, Format Version 12.00
# Visual Studio Version 17
VisualStudioVersion = 17.5.33530.505
MinimumVisualStudioVersion = 10.0.40219.1
Project("{FAE04EC0-301F-11D3-BF4B-00C04F79EFBC}") = "OverflowToBackpack", "OverflowToBackpack.csproj", "{E8886D9D-5539-428C-AB22-A2795B633FFB}"
EndProject
Global
	GlobalSection(SolutionConfigurationPlatforms) = preSolution
		Debug|Any CPU = Debug|Any CPU
		Release|Any CPU = Release|Any CPU
	EndGlobalSection
	GlobalSection(ProjectConfigurationPlatforms) = postSolution
		{E8886D9D-5539-428C-AB22-A2795B633FFB}.Debug|Any CPU.ActiveCfg = Debug|Any CPU
		{E8886D9D-5539-428C-AB22-A2795B633FFB}.Debug|Any CPU.Build.0 = Debug|Any CPU
		{E8886D9D-5539-428C-AB22-A2795B633FFB}.Release|Any CPU.ActiveCfg = Release|Any CPU
		{E8886D9D-5539-428C-AB22-A2795B633FFB}.Release|Any CPU.Build.0 = Release|Any CPU
	EndGlobalSection
	GlobalSection(SolutionProperties) = preSolution
		HideSolutionNode = FALSE
	EndGlobalSection
	GlobalSection(ExtensibilityGlobals) = postSolution
		SolutionGuid = {96810E91-16CE-4AFD-80C7-7688242204E2}
	EndGlobalSection
EndGlobal
